// !$*UTF8*$!
{
	archiveVersion = 1;
	classes = {
	};
	objectVersion = 46;
	objects = {

/* Begin PBXBuildFile section */
		74D624091CF0C76F00ECAABA /* main.m in Sources */ = {isa = PBXBuildFile; fileRef = 74D624081CF0C76F00ECAABA /* main.m */; };
		74D6240C1CF0C76F00ECAABA /* AppDelegate.m in Sources */ = {isa = PBXBuildFile; fileRef = 74D6240B1CF0C76F00ECAABA /* AppDelegate.m */; };
		74D6240F1CF0C76F00ECAABA /* ViewController.m in Sources */ = {isa = PBXBuildFile; fileRef = 74D6240E1CF0C76F00ECAABA /* ViewController.m */; };
		74D624121CF0C76F00ECAABA /* Main.storyboard in Resources */ = {isa = PBXBuildFile; fileRef = 74D624101CF0C76F00ECAABA /* Main.storyboard */; };
		74D624141CF0C76F00ECAABA /* Assets.xcassets in Resources */ = {isa = PBXBuildFile; fileRef = 74D624131CF0C76F00ECAABA /* Assets.xcassets */; };
		74D624171CF0C76F00ECAABA /* LaunchScreen.storyboard in Resources */ = {isa = PBXBuildFile; fileRef = 74D624151CF0C76F00ECAABA /* LaunchScreen.storyboard */; };
		74D624221CF0C76F00ECAABA /* Colour_MemoryTests.m in Sources */ = {isa = PBXBuildFile; fileRef = 74D624211CF0C76F00ECAABA /* Colour_MemoryTests.m */; };
		74D6242D1CF0C76F00ECAABA /* Colour_MemoryUITests.m in Sources */ = {isa = PBXBuildFile; fileRef = 74D6242C1CF0C76F00ECAABA /* Colour_MemoryUITests.m */; };
/* End PBXBuildFile section */

/* Begin PBXContainerItemProxy section */
		74D6241E1CF0C76F00ECAABA /* PBXContainerItemProxy */ = {
			isa = PBXContainerItemProxy;
			containerPortal = 74D623FC1CF0C76F00ECAABA /* Project object */;
			proxyType = 1;
			remoteGlobalIDString = 74D624031CF0C76F00ECAABA;
			remoteInfo = "Colour Memory";
		};
		74D624291CF0C76F00ECAABA /* PBXContainerItemProxy */ = {
			isa = PBXContainerItemProxy;
			containerPortal = 74D623FC1CF0C76F00ECAABA /* Project object */;
			proxyType = 1;
			remoteGlobalIDString = 74D624031CF0C76F00ECAABA;
			remoteInfo = "Colour Memory";
		};
/* End PBXContainerItemProxy section */

/* Begin PBXFileReference section */
		74D624041CF0C76F00ECAABA /* Colour Memory.app */ = {isa = PBXFileReference; explicitFileType = wrapper.application; includeInIndex = 0; path = "Colour Memory.app"; sourceTree = BUILT_PRODUCTS_DIR; };
		74D624081CF0C76F00ECAABA /* main.m */ = {isa = PBXFileReference; lastKnownFileType = sourcecode.c.objc; path = main.m; sourceTree = "<group>"; };
		74D6240A1CF0C76F00ECAABA /* AppDelegate.h */ = {isa = PBXFileReference; lastKnownFileType = sourcecode.c.h; path = AppDelegate.h; sourceTree = "<group>"; };
		74D6240B1CF0C76F00ECAABA /* AppDelegate.m */ = {isa = PBXFileReference; lastKnownFileType = sourcecode.c.objc; path = AppDelegate.m; sourceTree = "<group>"; };
		74D6240D1CF0C76F00ECAABA /* ViewController.h */ = {isa = PBXFileReference; lastKnownFileType = sourcecode.c.h; path = ViewController.h; sourceTree = "<group>"; };
		74D6240E1CF0C76F00ECAABA /* ViewController.m */ = {isa = PBXFileReference; lastKnownFileType = sourcecode.c.objc; path = ViewController.m; sourceTree = "<group>"; };
		74D624111CF0C76F00ECAABA /* Base */ = {isa = PBXFileReference; lastKnownFileType = file.storyboard; name = Base; path = Base.lproj/Main.storyboard; sourceTree = "<group>"; };
		74D624131CF0C76F00ECAABA /* Assets.xcassets */ = {isa = PBXFileReference; lastKnownFileType = folder.assetcatalog; path = Assets.xcassets; sourceTree = "<group>"; };
		74D624161CF0C76F00ECAABA /* Base */ = {isa = PBXFileReference; lastKnownFileType = file.storyboard; name = Base; path = Base.lproj/LaunchScreen.storyboard; sourceTree = "<group>"; };
		74D624181CF0C76F00ECAABA /* Info.plist */ = {isa = PBXFileReference; lastKnownFileType = text.plist.xml; path = Info.plist; sourceTree = "<group>"; };
		74D6241D1CF0C76F00ECAABA /* Colour MemoryTests.xctest */ = {isa = PBXFileReference; explicitFileType = wrapper.cfbundle; includeInIndex = 0; path = "Colour MemoryTests.xctest"; sourceTree = BUILT_PRODUCTS_DIR; };
		74D624211CF0C76F00ECAABA /* Colour_MemoryTests.m */ = {isa = PBXFileReference; lastKnownFileType = sourcecode.c.objc; path = Colour_MemoryTests.m; sourceTree = "<group>"; };
		74D624231CF0C76F00ECAABA /* Info.plist */ = {isa = PBXFileReference; lastKnownFileType = text.plist.xml; path = Info.plist; sourceTree = "<group>"; };
		74D624281CF0C76F00ECAABA /* Colour MemoryUITests.xctest */ = {isa = PBXFileReference; explicitFileType = wrapper.cfbundle; includeInIndex = 0; path = "Colour MemoryUITests.xctest"; sourceTree = BUILT_PRODUCTS_DIR; };
		74D6242C1CF0C76F00ECAABA /* Colour_MemoryUITests.m */ = {isa = PBXFileReference; lastKnownFileType = sourcecode.c.objc; path = Colour_MemoryUITests.m; sourceTree = "<group>"; };
		74D6242E1CF0C76F00ECAABA /* Info.plist */ = {isa = PBXFileReference; lastKnownFileType = text.plist.xml; path = Info.plist; sourceTree = "<group>"; };
/* End PBXFileReference section */

/* Begin PBXFrameworksBuildPhase section */
		74D624011CF0C76F00ECAABA /* Frameworks */ = {
			isa = PBXFrameworksBuildPhase;
			buildActionMask = 2147483647;
			files = (
			);
			runOnlyForDeploymentPostprocessing = 0;
		};
		74D6241A1CF0C76F00ECAABA /* Frameworks */ = {
			isa = PBXFrameworksBuildPhase;
			buildActionMask = 2147483647;
			files = (
			);
			runOnlyForDeploymentPostprocessing = 0;
		};
		74D624251CF0C76F00ECAABA /* Frameworks */ = {
			isa = PBXFrameworksBuildPhase;
			buildActionMask = 2147483647;
			files = (
			);
			runOnlyForDeploymentPostprocessing = 0;
		};
/* End PBXFrameworksBuildPhase section */

/* Begin PBXGroup section */
		74D623FB1CF0C76F00ECAABA = {
			isa = PBXGroup;
			children = (
				74D624061CF0C76F00ECAABA /* Colour Memory */,
				74D624201CF0C76F00ECAABA /* Colour MemoryTests */,
				74D6242B1CF0C76F00ECAABA /* Colour MemoryUITests */,
				74D624051CF0C76F00ECAABA /* Products */,
			);
			sourceTree = "<group>";
		};
		74D624051CF0C76F00ECAABA /* Products */ = {
			isa = PBXGroup;
			children = (
				74D624041CF0C76F00ECAABA /* Colour Memory.app */,
				74D6241D1CF0C76F00ECAABA /* Colour MemoryTests.xctest */,
				74D624281CF0C76F00ECAABA /* Colour MemoryUITests.xctest */,
			);
			name = Products;
			sourceTree = "<group>";
		};
		74D624061CF0C76F00ECAABA /* Colour Memory */ = {
			isa = PBXGroup;
			children = (
				74D6240A1CF0C76F00ECAABA /* AppDelegate.h */,
				74D6240B1CF0C76F00ECAABA /* AppDelegate.m */,
				74D6240D1CF0C76F00ECAABA /* ViewController.h */,
				74D6240E1CF0C76F00ECAABA /* ViewController.m */,
				74D624101CF0C76F00ECAABA /* Main.storyboard */,
				74D624131CF0C76F00ECAABA /* Assets.xcassets */,
				74D624151CF0C76F00ECAABA /* LaunchScreen.storyboard */,
				74D624181CF0C76F00ECAABA /* Info.plist */,
				74D624071CF0C76F00ECAABA /* Supporting Files */,
			);
			path = "Colour Memory";
			sourceTree = "<group>";
		};
		74D624071CF0C76F00ECAABA /* Supporting Files */ = {
			isa = PBXGroup;
			children = (
				74D624081CF0C76F00ECAABA /* main.m */,
			);
			name = "Supporting Files";
			sourceTree = "<group>";
		};
		74D624201CF0C76F00ECAABA /* Colour MemoryTests */ = {
			isa = PBXGroup;
			children = (
				74D624211CF0C76F00ECAABA /* Colour_MemoryTests.m */,
				74D624231CF0C76F00ECAABA /* Info.plist */,
			);
			path = "Colour MemoryTests";
			sourceTree = "<group>";
		};
		74D6242B1CF0C76F00ECAABA /* Colour MemoryUITests */ = {
			isa = PBXGroup;
			children = (
				74D6242C1CF0C76F00ECAABA /* Colour_MemoryUITests.m */,
				74D6242E1CF0C76F00ECAABA /* Info.plist */,
			);
			path = "Colour MemoryUITests";
			sourceTree = "<group>";
		};
/* End PBXGroup section */

/* Begin PBXNativeTarget section */
		74D624031CF0C76F00ECAABA /* Colour Memory */ = {
			isa = PBXNativeTarget;
			buildConfigurationList = 74D624311CF0C76F00ECAABA /* Build configuration list for PBXNativeTarget "Colour Memory" */;
			buildPhases = (
				74D624001CF0C76F00ECAABA /* Sources */,
				74D624011CF0C76F00ECAABA /* Frameworks */,
				74D624021CF0C76F00ECAABA /* Resources */,
			);
			buildRules = (
			);
			dependencies = (
			);
			name = "Colour Memory";
			productName = "Colour Memory";
			productReference = 74D624041CF0C76F00ECAABA /* Colour Memory.app */;
			productType = "com.apple.product-type.application";
		};
		74D6241C1CF0C76F00ECAABA /* Colour MemoryTests */ = {
			isa = PBXNativeTarget;
			buildConfigurationList = 74D624341CF0C76F00ECAABA /* Build configuration list for PBXNativeTarget "Colour MemoryTests" */;
			buildPhases = (
				74D624191CF0C76F00ECAABA /* Sources */,
				74D6241A1CF0C76F00ECAABA /* Frameworks */,
				74D6241B1CF0C76F00ECAABA /* Resources */,
			);
			buildRules = (
			);
			dependencies = (
				74D6241F1CF0C76F00ECAABA /* PBXTargetDependency */,
			);
			name = "Colour MemoryTests";
			productName = "Colour MemoryTests";
			productReference = 74D6241D1CF0C76F00ECAABA /* Colour MemoryTests.xctest */;
			productType = "com.apple.product-type.bundle.unit-test";
		};
		74D624271CF0C76F00ECAABA /* Colour MemoryUITests */ = {
			isa = PBXNativeTarget;
			buildConfigurationList = 74D624371CF0C76F00ECAABA /* Build configuration list for PBXNativeTarget "Colour MemoryUITests" */;
			buildPhases = (
				74D624241CF0C76F00ECAABA /* Sources */,
				74D624251CF0C76F00ECAABA /* Frameworks */,
				74D624261CF0C76F00ECAABA /* Resources */,
			);
			buildRules = (
			);
			dependencies = (
				74D6242A1CF0C76F00ECAABA /* PBXTargetDependency */,
			);
			name = "Colour MemoryUITests";
			productName = "Colour MemoryUITests";
			productReference = 74D624281CF0C76F00ECAABA /* Colour MemoryUITests.xctest */;
			productType = "com.apple.product-type.bundle.ui-testing";
		};
/* End PBXNativeTarget section */

/* Begin PBXProject section */
		74D623FC1CF0C76F00ECAABA /* Project object */ = {
			isa = PBXProject;
			attributes = {
				LastUpgradeCheck = 0720;
				ORGANIZATIONNAME = "Samana Tahir";
				TargetAttributes = {
					74D624031CF0C76F00ECAABA = {
						CreatedOnToolsVersion = 7.2;
					};
					74D6241C1CF0C76F00ECAABA = {
						CreatedOnToolsVersion = 7.2;
						TestTargetID = 74D624031CF0C76F00ECAABA;
					};
					74D624271CF0C76F00ECAABA = {
						CreatedOnToolsVersion = 7.2;
						TestTargetID = 74D624031CF0C76F00ECAABA;
					};
				};
			};
			buildConfigurationList = 74D623FF1CF0C76F00ECAABA /* Build configuration list for PBXProject "Colour Memory" */;
			compatibilityVersion = "Xcode 3.2";
			developmentRegion = English;
			hasScannedForEncodings = 0;
			knownRegions = (
				en,
				Base,
			);
			mainGroup = 74D623FB1CF0C76F00ECAABA;
			productRefGroup = 74D624051CF0C76F00ECAABA /* Products */;
			projectDirPath = "";
			projectRoot = "";
			targets = (
				74D624031CF0C76F00ECAABA /* Colour Memory */,
				74D6241C1CF0C76F00ECAABA /* Colour MemoryTests */,
				74D624271CF0C76F00ECAABA /* Colour MemoryUITests */,
			);
		};
/* End PBXProject section */

/* Begin PBXResourcesBuildPhase section */
		74D624021CF0C76F00ECAABA /* Resources */ = {
			isa = PBXResourcesBuildPhase;
			buildActionMask = 2147483647;
			files = (
				74D624171CF0C76F00ECAABA /* LaunchScreen.storyboard in Resources */,
				74D624141CF0C76F00ECAABA /* Assets.xcassets in Resources */,
				74D624121CF0C76F00ECAABA /* Main.storyboard in Resources */,
			);
			runOnlyForDeploymentPostprocessing = 0;
		};
		74D6241B1CF0C76F00ECAABA /* Resources */ = {
			isa = PBXResourcesBuildPhase;
			buildActionMask = 2147483647;
			files = (
			);
			runOnlyForDeploymentPostprocessing = 0;
		};
		74D624261CF0C76F00ECAABA /* Resources */ = {
			isa = PBXResourcesBuildPhase;
			buildActionMask = 2147483647;
			files = (
			);
			runOnlyForDeploymentPostprocessing = 0;
		};
/* End PBXResourcesBuildPhase section */

/* Begin PBXSourcesBuildPhase section */
		74D624001CF0C76F00ECAABA /* Sources */ = {
			isa = PBXSourcesBuildPhase;
			buildActionMask = 2147483647;
			files = (
				74D6240F1CF0C76F00ECAABA /* ViewController.m in Sources */,
				74D6240C1CF0C76F00ECAABA /* AppDelegate.m in Sources */,
				74D624091CF0C76F00ECAABA /* main.m in Sources */,
			);
			runOnlyForDeploymentPostprocessing = 0;
		};
		74D624191CF0C76F00ECAABA /* Sources */ = {
			isa = PBXSourcesBuildPhase;
			buildActionMask = 2147483647;
			files = (
				74D624221CF0C76F00ECAABA /* Colour_MemoryTests.m in Sources */,
			);
			runOnlyForDeploymentPostprocessing = 0;
		};
		74D624241CF0C76F00ECAABA /* Sources */ = {
			isa = PBXSourcesBuildPhase;
			buildActionMask = 2147483647;
			files = (
				74D6242D1CF0C76F00ECAABA /* Colour_MemoryUITests.m in Sources */,
			);
			runOnlyForDeploymentPostprocessing = 0;
		};
/* End PBXSourcesBuildPhase section */

/* Begin PBXTargetDependency section */
		74D6241F1CF0C76F00ECAABA /* PBXTargetDependency */ = {
			isa = PBXTargetDependency;
			target = 74D624031CF0C76F00ECAABA /* Colour Memory */;
			targetProxy = 74D6241E1CF0C76F00ECAABA /* PBXContainerItemProxy */;
		};
		74D6242A1CF0C76F00ECAABA /* PBXTargetDependency */ = {
			isa = PBXTargetDependency;
			target = 74D624031CF0C76F00ECAABA /* Colour Memory */;
			targetProxy = 74D624291CF0C76F00ECAABA /* PBXContainerItemProxy */;
		};
/* End PBXTargetDependency section */

/* Begin PBXVariantGroup section */
		74D624101CF0C76F00ECAABA /* Main.storyboard */ = {
			isa = PBXVariantGroup;
			children = (
				74D624111CF0C76F00ECAABA /* Base */,
			);
			name = Main.storyboard;
			sourceTree = "<group>";
		};
		74D624151CF0C76F00ECAABA /* LaunchScreen.storyboard */ = {
			isa = PBXVariantGroup;
			children = (
				74D624161CF0C76F00ECAABA /* Base */,
			);
			name = LaunchScreen.storyboard;
			sourceTree = "<group>";
		};
/* End PBXVariantGroup section */

/* Begin XCBuildConfiguration section */
		74D6242F1CF0C76F00ECAABA /* Debug */ = {
			isa = XCBuildConfiguration;
			buildSettings = {
				ALWAYS_SEARCH_USER_PATHS = NO;
				CLANG_CXX_LANGUAGE_STANDARD = "gnu++0x";
				CLANG_CXX_LIBRARY = "libc++";
				CLANG_ENABLE_MODULES = YES;
				CLANG_ENABLE_OBJC_ARC = YES;
				CLANG_WARN_BOOL_CONVERSION = YES;
				CLANG_WARN_CONSTANT_CONVERSION = YES;
				CLANG_WARN_DIRECT_OBJC_ISA_USAGE = YES_ERROR;
				CLANG_WARN_EMPTY_BODY = YES;
				CLANG_WARN_ENUM_CONVERSION = YES;
				CLANG_WARN_INT_CONVERSION = YES;
				CLANG_WARN_OBJC_ROOT_CLASS = YES_ERROR;
				CLANG_WARN_UNREACHABLE_CODE = YES;
				CLANG_WARN__DUPLICATE_METHOD_MATCH = YES;
				"CODE_SIGN_IDENTITY[sdk=iphoneos*]" = "iPhone Developer";
				COPY_PHASE_STRIP = NO;
				DEBUG_INFORMATION_FORMAT = dwarf;
				ENABLE_STRICT_OBJC_MSGSEND = YES;
				ENABLE_TESTABILITY = YES;
				GCC_C_LANGUAGE_STANDARD = gnu99;
				GCC_DYNAMIC_NO_PIC = NO;
				GCC_NO_COMMON_BLOCKS = YES;
				GCC_OPTIMIZATION_LEVEL = 0;
				GCC_PREPROCESSOR_DEFINITIONS = (
					"DEBUG=1",
					"$(inherited)",
				);
				GCC_WARN_64_TO_32_BIT_CONVERSION = YES;
				GCC_WARN_ABOUT_RETURN_TYPE = YES_ERROR;
				GCC_WARN_UNDECLARED_SELECTOR = YES;
				GCC_WARN_UNINITIALIZED_AUTOS = YES_AGGRESSIVE;
				GCC_WARN_UNUSED_FUNCTION = YES;
				GCC_WARN_UNUSED_VARIABLE = YES;
				IPHONEOS_DEPLOYMENT_TARGET = 9.2;
				MTL_ENABLE_DEBUG_INFO = YES;
				ONLY_ACTIVE_ARCH = YES;
				SDKROOT = iphoneos;
				TARGETED_DEVICE_FAMILY = "1,2";
			};
			name = Debug;
		};
		74D624301CF0C76F00ECAABA /* Release */ = {
			isa = XCBuildConfiguration;
			buildSettings = {
				ALWAYS_SEARCH_USER_PATHS = NO;
				CLANG_CXX_LANGUAGE_STANDARD = "gnu++0x";
				CLANG_CXX_LIBRARY = "libc++";
				CLANG_ENABLE_MODULES = YES;
				CLANG_ENABLE_OBJC_ARC = YES;
				CLANG_WARN_BOOL_CONVERSION = YES;
				CLANG_WARN_CONSTANT_CONVERSION = YES;
				CLANG_WARN_DIRECT_OBJC_ISA_USAGE = YES_ERROR;
				CLANG_WARN_EMPTY_BODY = YES;
				CLANG_WARN_ENUM_CONVERSION = YES;
				CLANG_WARN_INT_CONVERSION = YES;
				CLANG_WARN_OBJC_ROOT_CLASS = YES_ERROR;
				CLANG_WARN_UNREACHABLE_CODE = YES;
				CLANG_WARN__DUPLICATE_METHOD_MATCH = YES;
				"CODE_SIGN_IDENTITY[sdk=iphoneos*]" = "iPhone Developer";
				COPY_PHASE_STRIP = NO;
				DEBUG_INFORMATION_FORMAT = "dwarf-with-dsym";
				ENABLE_NS_ASSERTIONS = NO;
				ENABLE_STRICT_OBJC_MSGSEND = YES;
				GCC_C_LANGUAGE_STANDARD = gnu99;
				GCC_NO_COMMON_BLOCKS = YES;
				GCC_WARN_64_TO_32_BIT_CONVERSION = YES;
				GCC_WARN_ABOUT_RETURN_TYPE = YES_ERROR;
				GCC_WARN_UNDECLARED_SELECTOR = YES;
				GCC_WARN_UNINITIALIZED_AUTOS = YES_AGGRESSIVE;
				GCC_WARN_UNUSED_FUNCTION = YES;
				GCC_WARN_UNUSED_VARIABLE = YES;
				IPHONEOS_DEPLOYMENT_TARGET = 9.2;
				MTL_ENABLE_DEBUG_INFO = NO;
				SDKROOT = iphoneos;
				TARGETED_DEVICE_FAMILY = "1,2";
				VALIDATE_PRODUCT = YES;
			};
			name = Release;
		};
		74D624321CF0C76F00ECAABA /* Debug */ = {
			isa = XCBuildConfiguration;
			buildSettings = {
				ASSETCATALOG_COMPILER_APPICON_NAME = AppIcon;
				INFOPLIST_FILE = "Colour Memory/Info.plist";
				LD_RUNPATH_SEARCH_PATHS = "$(inherited) @executable_path/Frameworks";
				PRODUCT_BUNDLE_IDENTIFIER = "company.Colour-Memory";
				PRODUCT_NAME = "$(TARGET_NAME)";
			};
			name = Debug;
		};
		74D624331CF0C76F00ECAABA /* Release */ = {
			isa = XCBuildConfiguration;
			buildSettings = {
				ASSETCATALOG_COMPILER_APPICON_NAME = AppIcon;
				INFOPLIST_FILE = "Colour Memory/Info.plist";
				LD_RUNPATH_SEARCH_PATHS = "$(inherited) @executable_path/Frameworks";
				PRODUCT_BUNDLE_IDENTIFIER = "company.Colour-Memory";
				PRODUCT_NAME = "$(TARGET_NAME)";
			};
			name = Release;
		};
		74D624351CF0C76F00ECAABA /* Debug */ = {
			isa = XCBuildConfiguration;
			buildSettings = {
				BUNDLE_LOADER = "$(TEST_HOST)";
				INFOPLIST_FILE = "Colour MemoryTests/Info.plist";
				LD_RUNPATH_SEARCH_PATHS = "$(inherited) @executable_path/Frameworks @loader_path/Frameworks";
				PRODUCT_BUNDLE_IDENTIFIER = "company.Colour-MemoryTests";
				PRODUCT_NAME = "$(TARGET_NAME)";
				TEST_HOST = "$(BUILT_PRODUCTS_DIR)/Colour Memory.app/Colour Memory";
			};
			name = Debug;
		};
		74D624361CF0C76F00ECAABA /* Release */ = {
			isa = XCBuildConfiguration;
			buildSettings = {
				BUNDLE_LOADER = "$(TEST_HOST)";
				INFOPLIST_FILE = "Colour MemoryTests/Info.plist";
				LD_RUNPATH_SEARCH_PATHS = "$(inherited) @executable_path/Frameworks @loader_path/Frameworks";
				PRODUCT_BUNDLE_IDENTIFIER = "company.Colour-MemoryTests";
				PRODUCT_NAME = "$(TARGET_NAME)";
				TEST_HOST = "$(BUILT_PRODUCTS_DIR)/Colour Memory.app/Colour Memory";
			};
			name = Release;
		};
		74D624381CF0C76F00ECAABA /* Debug */ = {
			isa = XCBuildConfiguration;
			buildSettings = {
				INFOPLIST_FILE = "Colour MemoryUITests/Info.plist";
				LD_RUNPATH_SEARCH_PATHS = "$(inherited) @executable_path/Frameworks @loader_path/Frameworks";
				PRODUCT_BUNDLE_IDENTIFIER = "company.Colour-MemoryUITests";
				PRODUCT_NAME = "$(TARGET_NAME)";
				TEST_TARGET_NAME = "Colour Memory";
				USES_XCTRUNNER = YES;
			};
			name = Debug;
		};
		74D624391CF0C76F00ECAABA /* Release */ = {
			isa = XCBuildConfiguration;
			buildSettings = {
				INFOPLIST_FILE = "Colour MemoryUITests/Info.plist";
				LD_RUNPATH_SEARCH_PATHS = "$(inherited) @executable_path/Frameworks @loader_path/Frameworks";
				PRODUCT_BUNDLE_IDENTIFIER = "company.Colour-MemoryUITests";
				PRODUCT_NAME = "$(TARGET_NAME)";
				TEST_TARGET_NAME = "Colour Memory";
				USES_XCTRUNNER = YES;
			};
			name = Release;
		};
/* End XCBuildConfiguration section */

/* Begin XCConfigurationList section */
		74D623FF1CF0C76F00ECAABA /* Build configuration list for PBXProject "Colour Memory" */ = {
			isa = XCConfigurationList;
			buildConfigurations = (
				74D6242F1CF0C76F00ECAABA /* Debug */,
				74D624301CF0C76F00ECAABA /* Release */,
			);
			defaultConfigurationIsVisible = 0;
			defaultConfigurationName = Release;
		};
		74D624311CF0C76F00ECAABA /* Build configuration list for PBXNativeTarget "Colour Memory" */ = {
			isa = XCConfigurationList;
			buildConfigurations = (
				74D624321CF0C76F00ECAABA /* Debug */,
				74D624331CF0C76F00ECAABA /* Release */,
			);
			defaultConfigurationIsVisible = 0;
		};
		74D624341CF0C76F00ECAABA /* Build configuration list for PBXNativeTarget "Colour MemoryTests" */ = {
			isa = XCConfigurationList;
			buildConfigurations = (
				74D624351CF0C76F00ECAABA /* Debug */,
				74D624361CF0C76F00ECAABA /* Release */,
			);
			defaultConfigurationIsVisible = 0;
		};
		74D624371CF0C76F00ECAABA /* Build configuration list for PBXNativeTarget "Colour MemoryUITests" */ = {
			isa = XCConfigurationList;
			buildConfigurations = (
				74D624381CF0C76F00ECAABA /* Debug */,
				74D624391CF0C76F00ECAABA /* Release */,
			);
			defaultConfigurationIsVisible = 0;
		};
/* End XCConfigurationList section */
	};
	rootObject = 74D623FC1CF0C76F00ECAABA /* Project object */;
}
